
Microsoft Visual Studio Solution File, Format Version 12.00
# Visual Studio Version 17
VisualStudioVersion = 17.11.35327.3
MinimumVisualStudioVersion = 10.0.40219.1
Project("{FAE04EC0-301F-11D3-BF4B-00C04F79EFBC}") = "MangaCount.Server", "MangaCount.Server\MangaCount.Server.csproj", "{6BCEBB2E-DE48-42D1-9DE7-7C2D2F628794}"
EndProject
Project("{54A90642-561A-4BB1-A94E-469ADEE60C69}") = "mangacount.client", "mangacount.client\mangacount.client.esproj", "{314D0CD5-C670-43BA-8964-7A0E88A809B7}"
EndProject
Global
	GlobalSection(SolutionConfigurationPlatforms) = preSolution
		Debug|Any CPU = Debug|Any CPU
		Release|Any CPU = Release|Any CPU
	EndGlobalSection
	GlobalSection(ProjectConfigurationPlatforms) = postSolution
		{6BCEBB2E-DE48-42D1-9DE7-7C2D2F628794}.Debug|Any CPU.ActiveCfg = Debug|Any CPU
		{6BCEBB2E-DE48-42D1-9DE7-7C2D2F628794}.Debug|Any CPU.Build.0 = Debug|Any CPU
		{6BCEBB2E-DE48-42D1-9DE7-7C2D2F628794}.Release|Any CPU.ActiveCfg = Release|Any CPU
		{6BCEBB2E-DE48-42D1-9DE7-7C2D2F628794}.Release|Any CPU.Build.0 = Release|Any CPU
		{314D0CD5-C670-43BA-8964-7A0E88A809B7}.Debug|Any CPU.ActiveCfg = Debug|Any CPU
		{314D0CD5-C670-43BA-8964-7A0E88A809B7}.Debug|Any CPU.Build.0 = Debug|Any CPU
		{314D0CD5-C670-43BA-8964-7A0E88A809B7}.Debug|Any CPU.Deploy.0 = Debug|Any CPU
		{314D0CD5-C670-43BA-8964-7A0E88A809B7}.Release|Any CPU.ActiveCfg = Release|Any CPU
		{314D0CD5-C670-43BA-8964-7A0E88A809B7}.Release|Any CPU.Build.0 = Release|Any CPU
		{314D0CD5-C670-43BA-8964-7A0E88A809B7}.Release|Any CPU.Deploy.0 = Release|Any CPU
	EndGlobalSection
	GlobalSection(SolutionProperties) = preSolution
		HideSolutionNode = FALSE
	EndGlobalSection
	GlobalSection(ExtensibilityGlobals) = postSolution
		SolutionGuid = {AFE6FE80-CA32-4740-82A1-FDA4BFF77A68}
	EndGlobalSection
EndGlobal
